<?xml version="1.0" encoding="utf-8"?>
<Project ToolsVersion="17.0" xmlns="http://schemas.microsoft.com/developer/msbuild/2003">
  <ItemGroup>
    <CustomBuild Include="C:\Users\pLAyME\Desktop\Shared\linux_home\mythings\study-o-code\flutter_folder\cloth_app\windows\CMakeFiles\eee5eabb09e92e705dbc774e822ef90a\flutter_windows.dll.rule">
      <Filter>CMake Rules</Filter>
    </CustomBuild>
    <CustomBuild Include="C:\Users\pLAyME\Desktop\Shared\linux_home\mythings\study-o-code\flutter_folder\cloth_app\windows\CMakeFiles\635b21fbe038a09205c2da8dc586527f\flutter_assemble.rule">
      <Filter>CMake Rules</Filter>
    </CustomBuild>
    <CustomBuild Include="C:\Users\pLAyME\Desktop\Shared\linux_home\mythings\study-o-code\flutter_folder\cloth_app\windows\flutter\CMakeLists.txt" />
  </ItemGroup>
  <ItemGroup>
    <None Include="C:\Users\pLAyME\Desktop\Shared\linux_home\mythings\study-o-code\flutter_folder\cloth_app\windows\flutter\CMakeFiles\flutter_assemble" />
  </ItemGroup>
  <ItemGroup>
    <Filter Include="CMake Rules">
      <UniqueIdentifier>{06FEB90B-9E3C-374C-8948-E2125E9516ED}</UniqueIdentifier>
    </Filter>
  </ItemGroup>
</Project>
