
Microsoft Visual Studio Solution File, Format Version 12.00
# Visual Studio Version 17
VisualStudioVersion = 17.14.36414.22
MinimumVisualStudioVersion = 10.0.40219.1
Project("{FAE04EC0-301F-11D3-BF4B-00C04F79EFBC}") = "ConsoleApp1", "ConsoleApp1\ConsoleApp1.csproj", "{51DC0E32-C082-43DC-B9CD-5507CAD47AEB}"
EndProject
Project("{FAE04EC0-301F-11D3-BF4B-00C04F79EFBC}") = "Midterm", "..\Midterm\Midterm\Midterm.csproj", "{7751164D-4833-46C4-B536-216A0B94B71E}"
EndProject
Global
	GlobalSection(SolutionConfigurationPlatforms) = preSolution
		Debug|Any CPU = Debug|Any CPU
		Release|Any CPU = Release|Any CPU
	EndGlobalSection
	GlobalSection(ProjectConfigurationPlatforms) = postSolution
		{51DC0E32-C082-43DC-B9CD-5507CAD47AEB}.Debug|Any CPU.ActiveCfg = Debug|Any CPU
		{51DC0E32-C082-43DC-B9CD-5507CAD47AEB}.Debug|Any CPU.Build.0 = Debug|Any CPU
		{51DC0E32-C082-43DC-B9CD-5507CAD47AEB}.Release|Any CPU.ActiveCfg = Release|Any CPU
		{51DC0E32-C082-43DC-B9CD-5507CAD47AEB}.Release|Any CPU.Build.0 = Release|Any CPU
		{7751164D-4833-46C4-B536-216A0B94B71E}.Debug|Any CPU.ActiveCfg = Debug|Any CPU
		{7751164D-4833-46C4-B536-216A0B94B71E}.Debug|Any CPU.Build.0 = Debug|Any CPU
		{7751164D-4833-46C4-B536-216A0B94B71E}.Release|Any CPU.ActiveCfg = Release|Any CPU
		{7751164D-4833-46C4-B536-216A0B94B71E}.Release|Any CPU.Build.0 = Release|Any CPU
	EndGlobalSection
	GlobalSection(SolutionProperties) = preSolution
		HideSolutionNode = FALSE
	EndGlobalSection
	GlobalSection(ExtensibilityGlobals) = postSolution
		SolutionGuid = {F25E25A8-3189-4C3C-97F8-B78567158AD7}
	EndGlobalSection
EndGlobal
