
Microsoft Visual Studio Solution File, Format Version 12.00
# Visual Studio Version 17
Project("{8BC9CEB8-8B4A-11D0-8D11-00A0C91BC942}") = "ALL_BUILD", "ALL_BUILD.vcxproj", "{82C2D15A-3B1A-3546-8DF0-12D08D777A5E}"
	ProjectSection(ProjectDependencies) = postProject
		{2C9B38B3-1CF2-36D0-8044-27206DA6D4BC} = {2C9B38B3-1CF2-36D0-8044-27206DA6D4BC}
		{3E453280-4C5E-3B0B-89F9-58DC5F67100E} = {3E453280-4C5E-3B0B-89F9-58DC5F67100E}
	EndProjectSection
EndProject
Project("{8BC9CEB8-8B4A-11D0-8D11-00A0C91BC942}") = "INSTALL", "INSTALL.vcxproj", "{71DDBB28-2DDD-3314-BF1B-136AF399C7DD}"
	ProjectSection(ProjectDependencies) = postProject
		{82C2D15A-3B1A-3546-8DF0-12D08D777A5E} = {82C2D15A-3B1A-3546-8DF0-12D08D777A5E}
		{2C9B38B3-1CF2-36D0-8044-27206DA6D4BC} = {2C9B38B3-1CF2-36D0-8044-27206DA6D4BC}
	EndProjectSection
EndProject
Project("{8BC9CEB8-8B4A-11D0-8D11-00A0C91BC942}") = "ZERO_CHECK", "..\ZERO_CHECK.vcxproj", "{2C9B38B3-1CF2-36D0-8044-27206DA6D4BC}"
	ProjectSection(ProjectDependencies) = postProject
	EndProjectSection
EndProject
Project("{8BC9CEB8-8B4A-11D0-8D11-00A0C91BC942}") = "cloth_app", "cloth_app.vcxproj", "{3E453280-4C5E-3B0B-89F9-58DC5F67100E}"
	ProjectSection(ProjectDependencies) = postProject
		{2C9B38B3-1CF2-36D0-8044-27206DA6D4BC} = {2C9B38B3-1CF2-36D0-8044-27206DA6D4BC}
		{C2932330-98C0-373B-B482-45AC08E307C1} = {C2932330-98C0-373B-B482-45AC08E307C1}
		{9B1F1B86-2404-3C35-B034-351F8F9EE39A} = {9B1F1B86-2404-3C35-B034-351F8F9EE39A}
	EndProjectSection
EndProject
Project("{8BC9CEB8-8B4A-11D0-8D11-00A0C91BC942}") = "flutter_assemble", "..\flutter\flutter_assemble.vcxproj", "{C2932330-98C0-373B-B482-45AC08E307C1}"
	ProjectSection(ProjectDependencies) = postProject
		{2C9B38B3-1CF2-36D0-8044-27206DA6D4BC} = {2C9B38B3-1CF2-36D0-8044-27206DA6D4BC}
	EndProjectSection
EndProject
Project("{8BC9CEB8-8B4A-11D0-8D11-00A0C91BC942}") = "flutter_wrapper_app", "..\flutter\flutter_wrapper_app.vcxproj", "{9B1F1B86-2404-3C35-B034-351F8F9EE39A}"
	ProjectSection(ProjectDependencies) = postProject
		{2C9B38B3-1CF2-36D0-8044-27206DA6D4BC} = {2C9B38B3-1CF2-36D0-8044-27206DA6D4BC}
		{C2932330-98C0-373B-B482-45AC08E307C1} = {C2932330-98C0-373B-B482-45AC08E307C1}
	EndProjectSection
EndProject
Global
	GlobalSection(SolutionConfigurationPlatforms) = preSolution
		Debug|x64 = Debug|x64
		Profile|x64 = Profile|x64
		Release|x64 = Release|x64
	EndGlobalSection
	GlobalSection(ProjectConfigurationPlatforms) = postSolution
		{82C2D15A-3B1A-3546-8DF0-12D08D777A5E}.Debug|x64.ActiveCfg = Debug|x64
		{82C2D15A-3B1A-3546-8DF0-12D08D777A5E}.Debug|x64.Build.0 = Debug|x64
		{82C2D15A-3B1A-3546-8DF0-12D08D777A5E}.Profile|x64.ActiveCfg = Profile|x64
		{82C2D15A-3B1A-3546-8DF0-12D08D777A5E}.Profile|x64.Build.0 = Profile|x64
		{82C2D15A-3B1A-3546-8DF0-12D08D777A5E}.Release|x64.ActiveCfg = Release|x64
		{82C2D15A-3B1A-3546-8DF0-12D08D777A5E}.Release|x64.Build.0 = Release|x64
		{71DDBB28-2DDD-3314-BF1B-136AF399C7DD}.Debug|x64.ActiveCfg = Debug|x64
		{71DDBB28-2DDD-3314-BF1B-136AF399C7DD}.Profile|x64.ActiveCfg = Profile|x64
		{71DDBB28-2DDD-3314-BF1B-136AF399C7DD}.Release|x64.ActiveCfg = Release|x64
		{2C9B38B3-1CF2-36D0-8044-27206DA6D4BC}.Debug|x64.ActiveCfg = Debug|x64
		{2C9B38B3-1CF2-36D0-8044-27206DA6D4BC}.Debug|x64.Build.0 = Debug|x64
		{2C9B38B3-1CF2-36D0-8044-27206DA6D4BC}.Profile|x64.ActiveCfg = Profile|x64
		{2C9B38B3-1CF2-36D0-8044-27206DA6D4BC}.Profile|x64.Build.0 = Profile|x64
		{2C9B38B3-1CF2-36D0-8044-27206DA6D4BC}.Release|x64.ActiveCfg = Release|x64
		{2C9B38B3-1CF2-36D0-8044-27206DA6D4BC}.Release|x64.Build.0 = Release|x64
		{3E453280-4C5E-3B0B-89F9-58DC5F67100E}.Debug|x64.ActiveCfg = Debug|x64
		{3E453280-4C5E-3B0B-89F9-58DC5F67100E}.Debug|x64.Build.0 = Debug|x64
		{3E453280-4C5E-3B0B-89F9-58DC5F67100E}.Profile|x64.ActiveCfg = Profile|x64
		{3E453280-4C5E-3B0B-89F9-58DC5F67100E}.Profile|x64.Build.0 = Profile|x64
		{3E453280-4C5E-3B0B-89F9-58DC5F67100E}.Release|x64.ActiveCfg = Release|x64
		{3E453280-4C5E-3B0B-89F9-58DC5F67100E}.Release|x64.Build.0 = Release|x64
		{C2932330-98C0-373B-B482-45AC08E307C1}.Debug|x64.ActiveCfg = Debug|x64
		{C2932330-98C0-373B-B482-45AC08E307C1}.Debug|x64.Build.0 = Debug|x64
		{C2932330-98C0-373B-B482-45AC08E307C1}.Profile|x64.ActiveCfg = Profile|x64
		{C2932330-98C0-373B-B482-45AC08E307C1}.Profile|x64.Build.0 = Profile|x64
		{C2932330-98C0-373B-B482-45AC08E307C1}.Release|x64.ActiveCfg = Release|x64
		{C2932330-98C0-373B-B482-45AC08E307C1}.Release|x64.Build.0 = Release|x64
		{9B1F1B86-2404-3C35-B034-351F8F9EE39A}.Debug|x64.ActiveCfg = Debug|x64
		{9B1F1B86-2404-3C35-B034-351F8F9EE39A}.Debug|x64.Build.0 = Debug|x64
		{9B1F1B86-2404-3C35-B034-351F8F9EE39A}.Profile|x64.ActiveCfg = Profile|x64
		{9B1F1B86-2404-3C35-B034-351F8F9EE39A}.Profile|x64.Build.0 = Profile|x64
		{9B1F1B86-2404-3C35-B034-351F8F9EE39A}.Release|x64.ActiveCfg = Release|x64
		{9B1F1B86-2404-3C35-B034-351F8F9EE39A}.Release|x64.Build.0 = Release|x64
	EndGlobalSection
	GlobalSection(ExtensibilityGlobals) = postSolution
		SolutionGuid = {3D1C563B-4859-3390-BD80-B428C6583EC3}
	EndGlobalSection
	GlobalSection(ExtensibilityAddIns) = postSolution
	EndGlobalSection
EndGlobal
